// !$*UTF8*$!
{
	archiveVersion = 1;
	classes = {
	};
	objectVersion = 77;
	objects = {

/* Begin PBXBuildFile section */
		DD3EBD9D2F691E8E00A9A901 /* Exception.cpp in Sources */ = {isa = PBXBuildFile; fileRef = DD3EBD962F691E8E00A9A901 /* Exception.cpp */; };
		DD3EBD9E2F691E8E00A9A901 /* Token.cpp in Sources */ = {isa = PBXBuildFile; fileRef = DD3EBD9A2F691E8E00A9A901 /* Token.cpp */; };
		DD3EBD9F2F691E8E00A9A901 /* Parser.cpp in Sources */ = {isa = PBXBuildFile; fileRef = DD3EBD982F691E8E00A9A901 /* Parser.cpp */; };
		DD3EBDA02F691E8E00A9A901 /* Source.cpp in Sources */ = {isa = PBXBuildFile; fileRef = DD3EBD992F691E8E00A9A901 /* Source.cpp */; };
		DD3EBDA12F691E8E00A9A901 /* VarStorage.cpp in Sources */ = {isa = PBXBuildFile; fileRef = DD3EBD9B2F691E8E00A9A901 /* VarStorage.cpp */; };
		DD3EBDA22F691E8E00A9A901 /* Interpreter.cpp in Sources */ = {isa = PBXBuildFile; fileRef = DD3EBD972F691E8E00A9A901 /* Interpreter.cpp */; };
/* End PBXBuildFile section */

/* Begin PBXCopyFilesBuildPhase section */
		DD3EBD822F691DBF00A9A901 /* CopyFiles */ = {
			isa = PBXCopyFilesBuildPhase;
			buildActionMask = 2147483647;
			dstPath = /usr/share/man/man1/;
			dstSubfolderSpec = 0;
			files = (
			);
			runOnlyForDeploymentPostprocessing = 1;
		};
/* End PBXCopyFilesBuildPhase section */

/* Begin PBXFileReference section */
		DD3EBD842F691DBF00A9A901 /* basic */ = {isa = PBXFileReference; explicitFileType = "compiled.mach-o.executable"; includeInIndex = 0; path = basic; sourceTree = BUILT_PRODUCTS_DIR; };
		DD3EBD8E2F691E8E00A9A901 /* Exception.hpp */ = {isa = PBXFileReference; lastKnownFileType = sourcecode.cpp.h; path = Exception.hpp; sourceTree = "<group>"; };
		DD3EBD8F2F691E8E00A9A901 /* Guard.hpp */ = {isa = PBXFileReference; lastKnownFileType = sourcecode.cpp.h; path = Guard.hpp; sourceTree = "<group>"; };
		DD3EBD902F691E8E00A9A901 /* Interpreter.hpp */ = {isa = PBXFileReference; lastKnownFileType = sourcecode.cpp.h; path = Interpreter.hpp; sourceTree = "<group>"; };
		DD3EBD912F691E8E00A9A901 /* Operator.hpp */ = {isa = PBXFileReference; lastKnownFileType = sourcecode.cpp.h; path = Operator.hpp; sourceTree = "<group>"; };
		DD3EBD922F691E8E00A9A901 /* Parser.hpp */ = {isa = PBXFileReference; lastKnownFileType = sourcecode.cpp.h; path = Parser.hpp; sourceTree = "<group>"; };
		DD3EBD932F691E8E00A9A901 /* Token.hpp */ = {isa = PBXFileReference; lastKnownFileType = sourcecode.cpp.h; path = Token.hpp; sourceTree = "<group>"; };
		DD3EBD942F691E8E00A9A901 /* VarStorage.hpp */ = {isa = PBXFileReference; lastKnownFileType = sourcecode.cpp.h; path = VarStorage.hpp; sourceTree = "<group>"; };
		DD3EBD962F691E8E00A9A901 /* Exception.cpp */ = {isa = PBXFileReference; lastKnownFileType = sourcecode.cpp.cpp; path = Exception.cpp; sourceTree = "<group>"; };
		DD3EBD972F691E8E00A9A901 /* Interpreter.cpp */ = {isa = PBXFileReference; lastKnownFileType = sourcecode.cpp.cpp; path = Interpreter.cpp; sourceTree = "<group>"; };
		DD3EBD982F691E8E00A9A901 /* Parser.cpp */ = {isa = PBXFileReference; lastKnownFileType = sourcecode.cpp.cpp; path = Parser.cpp; sourceTree = "<group>"; };
		DD3EBD992F691E8E00A9A901 /* Source.cpp */ = {isa = PBXFileReference; lastKnownFileType = sourcecode.cpp.cpp; path = Source.cpp; sourceTree = "<group>"; };
		DD3EBD9A2F691E8E00A9A901 /* Token.cpp */ = {isa = PBXFileReference; lastKnownFileType = sourcecode.cpp.cpp; path = Token.cpp; sourceTree = "<group>"; };
		DD3EBD9B2F691E8E00A9A901 /* VarStorage.cpp */ = {isa = PBXFileReference; lastKnownFileType = sourcecode.cpp.cpp; path = VarStorage.cpp; sourceTree = "<group>"; };
/* End PBXFileReference section */

/* Begin PBXFrameworksBuildPhase section */
		DD3EBD812F691DBF00A9A901 /* Frameworks */ = {
			isa = PBXFrameworksBuildPhase;
			buildActionMask = 2147483647;
			files = (
			);
			runOnlyForDeploymentPostprocessing = 0;
		};
/* End PBXFrameworksBuildPhase section */

/* Begin PBXGroup section */
		DD3EBD7B2F691DBF00A9A901 = {
			isa = PBXGroup;
			children = (
				DD3EBD952F691E8E00A9A901 /* Include */,
				DD3EBD9C2F691E8E00A9A901 /* Sources */,
				DD3EBD852F691DBF00A9A901 /* Products */,
			);
			sourceTree = "<group>";
		};
		DD3EBD852F691DBF00A9A901 /* Products */ = {
			isa = PBXGroup;
			children = (
				DD3EBD842F691DBF00A9A901 /* basic */,
			);
			name = Products;
			sourceTree = "<group>";
		};
		DD3EBD952F691E8E00A9A901 /* Include */ = {
			isa = PBXGroup;
			children = (
				DD3EBD8E2F691E8E00A9A901 /* Exception.hpp */,
				DD3EBD8F2F691E8E00A9A901 /* Guard.hpp */,
				DD3EBD902F691E8E00A9A901 /* Interpreter.hpp */,
				DD3EBD912F691E8E00A9A901 /* Operator.hpp */,
				DD3EBD922F691E8E00A9A901 /* Parser.hpp */,
				DD3EBD932F691E8E00A9A901 /* Token.hpp */,
				DD3EBD942F691E8E00A9A901 /* VarStorage.hpp */,
			);
			name = Include;
			path = ../Include;
			sourceTree = SOURCE_ROOT;
		};
		DD3EBD9C2F691E8E00A9A901 /* Sources */ = {
			isa = PBXGroup;
			children = (
				DD3EBD962F691E8E00A9A901 /* Exception.cpp */,
				DD3EBD972F691E8E00A9A901 /* Interpreter.cpp */,
				DD3EBD982F691E8E00A9A901 /* Parser.cpp */,
				DD3EBD992F691E8E00A9A901 /* Source.cpp */,
				DD3EBD9A2F691E8E00A9A901 /* Token.cpp */,
				DD3EBD9B2F691E8E00A9A901 /* VarStorage.cpp */,
			);
			name = Sources;
			path = ../Sources;
			sourceTree = SOURCE_ROOT;
		};
/* End PBXGroup section */

/* Begin PBXNativeTarget section */
		DD3EBD832F691DBF00A9A901 /* basic */ = {
			isa = PBXNativeTarget;
			buildConfigurationList = DD3EBD8B2F691DBF00A9A901 /* Build configuration list for PBXNativeTarget "basic" */;
			buildPhases = (
				DD3EBD802F691DBF00A9A901 /* Sources */,
				DD3EBD812F691DBF00A9A901 /* Frameworks */,
				DD3EBD822F691DBF00A9A901 /* CopyFiles */,
			);
			buildRules = (
			);
			dependencies = (
			);
			name = basic;
			packageProductDependencies = (
			);
			productName = basic;
			productReference = DD3EBD842F691DBF00A9A901 /* basic */;
			productType = "com.apple.product-type.tool";
		};
/* End PBXNativeTarget section */

/* Begin PBXProject section */
		DD3EBD7C2F691DBF00A9A901 /* Project object */ = {
			isa = PBXProject;
			attributes = {
				BuildIndependentTargetsInParallel = 1;
				LastUpgradeCheck = 1640;
				TargetAttributes = {
					DD3EBD832F691DBF00A9A901 = {
						CreatedOnToolsVersion = 16.4;
					};
				};
			};
			buildConfigurationList = DD3EBD7F2F691DBF00A9A901 /* Build configuration list for PBXProject "basic" */;
			developmentRegion = en;
			hasScannedForEncodings = 0;
			knownRegions = (
				en,
			);
			mainGroup = DD3EBD7B2F691DBF00A9A901;
			minimizedProjectReferenceProxies = 1;
			preferredProjectObjectVersion = 77;
			productRefGroup = DD3EBD852F691DBF00A9A901 /* Products */;
			projectDirPath = "";
			projectRoot = "";
			targets = (
				DD3EBD832F691DBF00A9A901 /* basic */,
			);
		};
/* End PBXProject section */

/* Begin PBXSourcesBuildPhase section */
		DD3EBD802F691DBF00A9A901 /* Sources */ = {
			isa = PBXSourcesBuildPhase;
			buildActionMask = 2147483647;
			files = (
				DD3EBD9D2F691E8E00A9A901 /* Exception.cpp in Sources */,
				DD3EBD9E2F691E8E00A9A901 /* Token.cpp in Sources */,
				DD3EBD9F2F691E8E00A9A901 /* Parser.cpp in Sources */,
				DD3EBDA02F691E8E00A9A901 /* Source.cpp in Sources */,
				DD3EBDA12F691E8E00A9A901 /* VarStorage.cpp in Sources */,
				DD3EBDA22F691E8E00A9A901 /* Interpreter.cpp in Sources */,
			);
			runOnlyForDeploymentPostprocessing = 0;
		};
/* End PBXSourcesBuildPhase section */

/* Begin XCBuildConfiguration section */
		DD3EBD892F691DBF00A9A901 /* Debug */ = {
			isa = XCBuildConfiguration;
			buildSettings = {
				ALWAYS_SEARCH_USER_PATHS = NO;
				ASSETCATALOG_COMPILER_GENERATE_SWIFT_ASSET_SYMBOL_EXTENSIONS = YES;
				CLANG_ANALYZER_NONNULL = YES;
				CLANG_ANALYZER_NUMBER_OBJECT_CONVERSION = YES_AGGRESSIVE;
				CLANG_CXX_LANGUAGE_STANDARD = "c++20";
				CLANG_ENABLE_MODULES = YES;
				CLANG_ENABLE_OBJC_ARC = YES;
				CLANG_ENABLE_OBJC_WEAK = YES;
				CLANG_WARN_BLOCK_CAPTURE_AUTORELEASING = YES;
				CLANG_WARN_BOOL_CONVERSION = YES;
				CLANG_WARN_COMMA = YES;
				CLANG_WARN_CONSTANT_CONVERSION = YES;
				CLANG_WARN_DEPRECATED_OBJC_IMPLEMENTATIONS = YES;
				CLANG_WARN_DIRECT_OBJC_ISA_USAGE = YES_ERROR;
				CLANG_WARN_DOCUMENTATION_COMMENTS = YES;
				CLANG_WARN_EMPTY_BODY = YES;
				CLANG_WARN_ENUM_CONVERSION = YES;
				CLANG_WARN_INFINITE_RECURSION = YES;
				CLANG_WARN_INT_CONVERSION = YES;
				CLANG_WARN_NON_LITERAL_NULL_CONVERSION = YES;
				CLANG_WARN_OBJC_IMPLICIT_RETAIN_SELF = YES;
				CLANG_WARN_OBJC_LITERAL_CONVERSION = YES;
				CLANG_WARN_OBJC_ROOT_CLASS = YES_ERROR;
				CLANG_WARN_QUOTED_INCLUDE_IN_FRAMEWORK_HEADER = YES;
				CLANG_WARN_RANGE_LOOP_ANALYSIS = YES;
				CLANG_WARN_STRICT_PROTOTYPES = YES;
				CLANG_WARN_SUSPICIOUS_MOVE = YES;
				CLANG_WARN_UNGUARDED_AVAILABILITY = YES_AGGRESSIVE;
				CLANG_WARN_UNREACHABLE_CODE = YES;
				CLANG_WARN__DUPLICATE_METHOD_MATCH = YES;
				COPY_PHASE_STRIP = NO;
				DEBUG_INFORMATION_FORMAT = dwarf;
				ENABLE_STRICT_OBJC_MSGSEND = YES;
				ENABLE_TESTABILITY = YES;
				ENABLE_USER_SCRIPT_SANDBOXING = YES;
				GCC_C_LANGUAGE_STANDARD = gnu17;
				GCC_DYNAMIC_NO_PIC = NO;
				GCC_NO_COMMON_BLOCKS = YES;
				GCC_OPTIMIZATION_LEVEL = 0;
				GCC_PREPROCESSOR_DEFINITIONS = (
					"DEBUG=1",
					"$(inherited)",
				);
				GCC_WARN_64_TO_32_BIT_CONVERSION = YES;
				GCC_WARN_ABOUT_RETURN_TYPE = YES_ERROR;
				GCC_WARN_UNDECLARED_SELECTOR = YES;
				GCC_WARN_UNINITIALIZED_AUTOS = YES_AGGRESSIVE;
				GCC_WARN_UNUSED_FUNCTION = YES;
				GCC_WARN_UNUSED_VARIABLE = YES;
				LOCALIZATION_PREFERS_STRING_CATALOGS = YES;
				MACOSX_DEPLOYMENT_TARGET = 15.5;
				MTL_ENABLE_DEBUG_INFO = INCLUDE_SOURCE;
				MTL_FAST_MATH = YES;
				ONLY_ACTIVE_ARCH = YES;
				SDKROOT = macosx;
			};
			name = Debug;
		};
		DD3EBD8A2F691DBF00A9A901 /* Release */ = {
			isa = XCBuildConfiguration;
			buildSettings = {
				ALWAYS_SEARCH_USER_PATHS = NO;
				ASSETCATALOG_COMPILER_GENERATE_SWIFT_ASSET_SYMBOL_EXTENSIONS = YES;
				CLANG_ANALYZER_NONNULL = YES;
				CLANG_ANALYZER_NUMBER_OBJECT_CONVERSION = YES_AGGRESSIVE;
				CLANG_CXX_LANGUAGE_STANDARD = "c++20";
				CLANG_ENABLE_MODULES = YES;
				CLANG_ENABLE_OBJC_ARC = YES;
				CLANG_ENABLE_OBJC_WEAK = YES;
				CLANG_WARN_BLOCK_CAPTURE_AUTORELEASING = YES;
				CLANG_WARN_BOOL_CONVERSION = YES;
				CLANG_WARN_COMMA = YES;
				CLANG_WARN_CONSTANT_CONVERSION = YES;
				CLANG_WARN_DEPRECATED_OBJC_IMPLEMENTATIONS = YES;
				CLANG_WARN_DIRECT_OBJC_ISA_USAGE = YES_ERROR;
				CLANG_WARN_DOCUMENTATION_COMMENTS = YES;
				CLANG_WARN_EMPTY_BODY = YES;
				CLANG_WARN_ENUM_CONVERSION = YES;
				CLANG_WARN_INFINITE_RECURSION = YES;
				CLANG_WARN_INT_CONVERSION = YES;
				CLANG_WARN_NON_LITERAL_NULL_CONVERSION = YES;
				CLANG_WARN_OBJC_IMPLICIT_RETAIN_SELF = YES;
				CLANG_WARN_OBJC_LITERAL_CONVERSION = YES;
				CLANG_WARN_OBJC_ROOT_CLASS = YES_ERROR;
				CLANG_WARN_QUOTED_INCLUDE_IN_FRAMEWORK_HEADER = YES;
				CLANG_WARN_RANGE_LOOP_ANALYSIS = YES;
				CLANG_WARN_STRICT_PROTOTYPES = YES;
				CLANG_WARN_SUSPICIOUS_MOVE = YES;
				CLANG_WARN_UNGUARDED_AVAILABILITY = YES_AGGRESSIVE;
				CLANG_WARN_UNREACHABLE_CODE = YES;
				CLANG_WARN__DUPLICATE_METHOD_MATCH = YES;
				COPY_PHASE_STRIP = NO;
				DEBUG_INFORMATION_FORMAT = "dwarf-with-dsym";
				ENABLE_NS_ASSERTIONS = NO;
				ENABLE_STRICT_OBJC_MSGSEND = YES;
				ENABLE_USER_SCRIPT_SANDBOXING = YES;
				GCC_C_LANGUAGE_STANDARD = gnu17;
				GCC_NO_COMMON_BLOCKS = YES;
				GCC_WARN_64_TO_32_BIT_CONVERSION = YES;
				GCC_WARN_ABOUT_RETURN_TYPE = YES_ERROR;
				GCC_WARN_UNDECLARED_SELECTOR = YES;
				GCC_WARN_UNINITIALIZED_AUTOS = YES_AGGRESSIVE;
				GCC_WARN_UNUSED_FUNCTION = YES;
				GCC_WARN_UNUSED_VARIABLE = YES;
				LOCALIZATION_PREFERS_STRING_CATALOGS = YES;
				MACOSX_DEPLOYMENT_TARGET = 15.5;
				MTL_ENABLE_DEBUG_INFO = NO;
				MTL_FAST_MATH = YES;
				SDKROOT = macosx;
			};
			name = Release;
		};
		DD3EBD8C2F691DBF00A9A901 /* Debug */ = {
			isa = XCBuildConfiguration;
			buildSettings = {
				CODE_SIGN_STYLE = Automatic;
				MACOSX_DEPLOYMENT_TARGET = 11.5;
				PRODUCT_NAME = "$(TARGET_NAME)";
			};
			name = Debug;
		};
		DD3EBD8D2F691DBF00A9A901 /* Release */ = {
			isa = XCBuildConfiguration;
			buildSettings = {
				CODE_SIGN_STYLE = Automatic;
				MACOSX_DEPLOYMENT_TARGET = 11.5;
				PRODUCT_NAME = "$(TARGET_NAME)";
			};
			name = Release;
		};
/* End XCBuildConfiguration section */

/* Begin XCConfigurationList section */
		DD3EBD7F2F691DBF00A9A901 /* Build configuration list for PBXProject "basic" */ = {
			isa = XCConfigurationList;
			buildConfigurations = (
				DD3EBD892F691DBF00A9A901 /* Debug */,
				DD3EBD8A2F691DBF00A9A901 /* Release */,
			);
			defaultConfigurationIsVisible = 0;
			defaultConfigurationName = Debug;
		};
		DD3EBD8B2F691DBF00A9A901 /* Build configuration list for PBXNativeTarget "basic" */ = {
			isa = XCConfigurationList;
			buildConfigurations = (
				DD3EBD8C2F691DBF00A9A901 /* Debug */,
				DD3EBD8D2F691DBF00A9A901 /* Release */,
			);
			defaultConfigurationIsVisible = 0;
			defaultConfigurationName = Debug;
		};
/* End XCConfigurationList section */
	};
	rootObject = DD3EBD7C2F691DBF00A9A901 /* Project object */;
}
